PODS:
  - SDWebImage (4.4.1):
    - SDWebImage/Core (= 4.4.1)
  - SDWebImage/Core (4.4.1)

DEPENDENCIES:
  - SDWebImage (~> 4.0)

SPEC REPOS:
  https://github.com/cocoapods/specs.git:
    - SDWebImage

SPEC CHECKSUMS:
  SDWebImage: 47e9b5b925cbce75946c23f0c42dd19464189af4

PODFILE CHECKSUM: 1abd771f37c592a2f1369f34ab088da96520e5b6

COCOAPODS: 1.5.3
